// !$*UTF8*$!
{
	archiveVersion = 1;
	classes = {
	};
	objectVersion = 56;
	objects = {

/* Begin PBXBuildFile section */
		6FC684BE2BE48EBC00A60AC2 /* AppDelegate.swift in Sources */ = {isa = PBXBuildFile; fileRef = 6FC684BD2BE48EBC00A60AC2 /* AppDelegate.swift */; };
		6FC684C02BE48EBC00A60AC2 /* SceneDelegate.swift in Sources */ = {isa = PBXBuildFile; fileRef = 6FC684BF2BE48EBC00A60AC2 /* SceneDelegate.swift */; };
		6FC684C22BE48EBC00A60AC2 /* ViewController.swift in Sources */ = {isa = PBXBuildFile; fileRef = 6FC684C12BE48EBC00A60AC2 /* ViewController.swift */; };
		6FC684C52BE48EBC00A60AC2 /* Main.storyboard in Resources */ = {isa = PBXBuildFile; fileRef = 6FC684C32BE48EBC00A60AC2 /* Main.storyboard */; };
		6FC684C82BE48EBC00A60AC2 /* Scroooller.xcdatamodeld in Sources */ = {isa = PBXBuildFile; fileRef = 6FC684C62BE48EBC00A60AC2 /* Scroooller.xcdatamodeld */; };
		6FC684CA2BE48EBE00A60AC2 /* Assets.xcassets in Resources */ = {isa = PBXBuildFile; fileRef = 6FC684C92BE48EBE00A60AC2 /* Assets.xcassets */; };
		6FC684CD2BE48EBE00A60AC2 /* LaunchScreen.storyboard in Resources */ = {isa = PBXBuildFile; fileRef = 6FC684CB2BE48EBE00A60AC2 /* LaunchScreen.storyboard */; };
		6FC684D82BE48EBE00A60AC2 /* ScrooollerTests.swift in Sources */ = {isa = PBXBuildFile; fileRef = 6FC684D72BE48EBE00A60AC2 /* ScrooollerTests.swift */; };
		6FC684E22BE48EBE00A60AC2 /* ScrooollerUITests.swift in Sources */ = {isa = PBXBuildFile; fileRef = 6FC684E12BE48EBE00A60AC2 /* ScrooollerUITests.swift */; };
		6FC684E42BE48EBE00A60AC2 /* ScrooollerUITestsLaunchTests.swift in Sources */ = {isa = PBXBuildFile; fileRef = 6FC684E32BE48EBE00A60AC2 /* ScrooollerUITestsLaunchTests.swift */; };
/* End PBXBuildFile section */

/* Begin PBXContainerItemProxy section */
		6FC684D42BE48EBE00A60AC2 /* PBXContainerItemProxy */ = {
			isa = PBXContainerItemProxy;
			containerPortal = 6FC684B22BE48EBC00A60AC2 /* Project object */;
			proxyType = 1;
			remoteGlobalIDString = 6FC684B92BE48EBC00A60AC2;
			remoteInfo = Scroooller;
		};
		6FC684DE2BE48EBE00A60AC2 /* PBXContainerItemProxy */ = {
			isa = PBXContainerItemProxy;
			containerPortal = 6FC684B22BE48EBC00A60AC2 /* Project object */;
			proxyType = 1;
			remoteGlobalIDString = 6FC684B92BE48EBC00A60AC2;
			remoteInfo = Scroooller;
		};
/* End PBXContainerItemProxy section */

/* Begin PBXFileReference section */
		6FC684BA2BE48EBC00A60AC2 /* Scroooller.app */ = {isa = PBXFileReference; explicitFileType = wrapper.application; includeInIndex = 0; path = Scroooller.app; sourceTree = BUILT_PRODUCTS_DIR; };
		6FC684BD2BE48EBC00A60AC2 /* AppDelegate.swift */ = {isa = PBXFileReference; lastKnownFileType = sourcecode.swift; path = AppDelegate.swift; sourceTree = "<group>"; };
		6FC684BF2BE48EBC00A60AC2 /* SceneDelegate.swift */ = {isa = PBXFileReference; lastKnownFileType = sourcecode.swift; path = SceneDelegate.swift; sourceTree = "<group>"; };
		6FC684C12BE48EBC00A60AC2 /* ViewController.swift */ = {isa = PBXFileReference; lastKnownFileType = sourcecode.swift; path = ViewController.swift; sourceTree = "<group>"; };
		6FC684C42BE48EBC00A60AC2 /* Base */ = {isa = PBXFileReference; lastKnownFileType = file.storyboard; name = Base; path = Base.lproj/Main.storyboard; sourceTree = "<group>"; };
		6FC684C72BE48EBC00A60AC2 /* Scroooller.xcdatamodel */ = {isa = PBXFileReference; lastKnownFileType = wrapper.xcdatamodel; path = Scroooller.xcdatamodel; sourceTree = "<group>"; };
		6FC684C92BE48EBE00A60AC2 /* Assets.xcassets */ = {isa = PBXFileReference; lastKnownFileType = folder.assetcatalog; path = Assets.xcassets; sourceTree = "<group>"; };
		6FC684CC2BE48EBE00A60AC2 /* Base */ = {isa = PBXFileReference; lastKnownFileType = file.storyboard; name = Base; path = Base.lproj/LaunchScreen.storyboard; sourceTree = "<group>"; };
		6FC684CE2BE48EBE00A60AC2 /* Info.plist */ = {isa = PBXFileReference; lastKnownFileType = text.plist.xml; path = Info.plist; sourceTree = "<group>"; };
		6FC684D32BE48EBE00A60AC2 /* ScrooollerTests.xctest */ = {isa = PBXFileReference; explicitFileType = wrapper.cfbundle; includeInIndex = 0; path = ScrooollerTests.xctest; sourceTree = BUILT_PRODUCTS_DIR; };
		6FC684D72BE48EBE00A60AC2 /* ScrooollerTests.swift */ = {isa = PBXFileReference; lastKnownFileType = sourcecode.swift; path = ScrooollerTests.swift; sourceTree = "<group>"; };
		6FC684DD2BE48EBE00A60AC2 /* ScrooollerUITests.xctest */ = {isa = PBXFileReference; explicitFileType = wrapper.cfbundle; includeInIndex = 0; path = ScrooollerUITests.xctest; sourceTree = BUILT_PRODUCTS_DIR; };
		6FC684E12BE48EBE00A60AC2 /* ScrooollerUITests.swift */ = {isa = PBXFileReference; lastKnownFileType = sourcecode.swift; path = ScrooollerUITests.swift; sourceTree = "<group>"; };
		6FC684E32BE48EBE00A60AC2 /* ScrooollerUITestsLaunchTests.swift */ = {isa = PBXFileReference; lastKnownFileType = sourcecode.swift; path = ScrooollerUITestsLaunchTests.swift; sourceTree = "<group>"; };
/* End PBXFileReference section */

/* Begin PBXFrameworksBuildPhase section */
		6FC684B72BE48EBC00A60AC2 /* Frameworks */ = {
			isa = PBXFrameworksBuildPhase;
			buildActionMask = 2147483647;
			files = (
			);
			runOnlyForDeploymentPostprocessing = 0;
		};
		6FC684D02BE48EBE00A60AC2 /* Frameworks */ = {
			isa = PBXFrameworksBuildPhase;
			buildActionMask = 2147483647;
			files = (
			);
			runOnlyForDeploymentPostprocessing = 0;
		};
		6FC684DA2BE48EBE00A60AC2 /* Frameworks */ = {
			isa = PBXFrameworksBuildPhase;
			buildActionMask = 2147483647;
			files = (
			);
			runOnlyForDeploymentPostprocessing = 0;
		};
/* End PBXFrameworksBuildPhase section */

/* Begin PBXGroup section */
		6FC684B12BE48EBC00A60AC2 = {
			isa = PBXGroup;
			children = (
				6FC684BC2BE48EBC00A60AC2 /* Scroooller */,
				6FC684D62BE48EBE00A60AC2 /* ScrooollerTests */,
				6FC684E02BE48EBE00A60AC2 /* ScrooollerUITests */,
				6FC684BB2BE48EBC00A60AC2 /* Products */,
			);
			sourceTree = "<group>";
		};
		6FC684BB2BE48EBC00A60AC2 /* Products */ = {
			isa = PBXGroup;
			children = (
				6FC684BA2BE48EBC00A60AC2 /* Scroooller.app */,
				6FC684D32BE48EBE00A60AC2 /* ScrooollerTests.xctest */,
				6FC684DD2BE48EBE00A60AC2 /* ScrooollerUITests.xctest */,
			);
			name = Products;
			sourceTree = "<group>";
		};
		6FC684BC2BE48EBC00A60AC2 /* Scroooller */ = {
			isa = PBXGroup;
			children = (
				6FC684BD2BE48EBC00A60AC2 /* AppDelegate.swift */,
				6FC684BF2BE48EBC00A60AC2 /* SceneDelegate.swift */,
				6FC684C12BE48EBC00A60AC2 /* ViewController.swift */,
				6FC684C32BE48EBC00A60AC2 /* Main.storyboard */,
				6FC684C92BE48EBE00A60AC2 /* Assets.xcassets */,
				6FC684CB2BE48EBE00A60AC2 /* LaunchScreen.storyboard */,
				6FC684CE2BE48EBE00A60AC2 /* Info.plist */,
				6FC684C62BE48EBC00A60AC2 /* Scroooller.xcdatamodeld */,
			);
			path = Scroooller;
			sourceTree = "<group>";
		};
		6FC684D62BE48EBE00A60AC2 /* ScrooollerTests */ = {
			isa = PBXGroup;
			children = (
				6FC684D72BE48EBE00A60AC2 /* ScrooollerTests.swift */,
			);
			path = ScrooollerTests;
			sourceTree = "<group>";
		};
		6FC684E02BE48EBE00A60AC2 /* ScrooollerUITests */ = {
			isa = PBXGroup;
			children = (
				6FC684E12BE48EBE00A60AC2 /* ScrooollerUITests.swift */,
				6FC684E32BE48EBE00A60AC2 /* ScrooollerUITestsLaunchTests.swift */,
			);
			path = ScrooollerUITests;
			sourceTree = "<group>";
		};
/* End PBXGroup section */

/* Begin PBXNativeTarget section */
		6FC684B92BE48EBC00A60AC2 /* Scroooller */ = {
			isa = PBXNativeTarget;
			buildConfigurationList = 6FC684E72BE48EBE00A60AC2 /* Build configuration list for PBXNativeTarget "Scroooller" */;
			buildPhases = (
				6FC684B62BE48EBC00A60AC2 /* Sources */,
				6FC684B72BE48EBC00A60AC2 /* Frameworks */,
				6FC684B82BE48EBC00A60AC2 /* Resources */,
			);
			buildRules = (
			);
			dependencies = (
			);
			name = Scroooller;
			productName = Scroooller;
			productReference = 6FC684BA2BE48EBC00A60AC2 /* Scroooller.app */;
			productType = "com.apple.product-type.application";
		};
		6FC684D22BE48EBE00A60AC2 /* ScrooollerTests */ = {
			isa = PBXNativeTarget;
			buildConfigurationList = 6FC684EA2BE48EBE00A60AC2 /* Build configuration list for PBXNativeTarget "ScrooollerTests" */;
			buildPhases = (
				6FC684CF2BE48EBE00A60AC2 /* Sources */,
				6FC684D02BE48EBE00A60AC2 /* Frameworks */,
				6FC684D12BE48EBE00A60AC2 /* Resources */,
			);
			buildRules = (
			);
			dependencies = (
				6FC684D52BE48EBE00A60AC2 /* PBXTargetDependency */,
			);
			name = ScrooollerTests;
			productName = ScrooollerTests;
			productReference = 6FC684D32BE48EBE00A60AC2 /* ScrooollerTests.xctest */;
			productType = "com.apple.product-type.bundle.unit-test";
		};
		6FC684DC2BE48EBE00A60AC2 /* ScrooollerUITests */ = {
			isa = PBXNativeTarget;
			buildConfigurationList = 6FC684ED2BE48EBE00A60AC2 /* Build configuration list for PBXNativeTarget "ScrooollerUITests" */;
			buildPhases = (
				6FC684D92BE48EBE00A60AC2 /* Sources */,
				6FC684DA2BE48EBE00A60AC2 /* Frameworks */,
				6FC684DB2BE48EBE00A60AC2 /* Resources */,
			);
			buildRules = (
			);
			dependencies = (
				6FC684DF2BE48EBE00A60AC2 /* PBXTargetDependency */,
			);
			name = ScrooollerUITests;
			productName = ScrooollerUITests;
			productReference = 6FC684DD2BE48EBE00A60AC2 /* ScrooollerUITests.xctest */;
			productType = "com.apple.product-type.bundle.ui-testing";
		};
/* End PBXNativeTarget section */

/* Begin PBXProject section */
		6FC684B22BE48EBC00A60AC2 /* Project object */ = {
			isa = PBXProject;
			attributes = {
				BuildIndependentTargetsInParallel = 1;
				LastSwiftUpdateCheck = 1510;
				LastUpgradeCheck = 1510;
				TargetAttributes = {
					6FC684B92BE48EBC00A60AC2 = {
						CreatedOnToolsVersion = 15.1;
					};
					6FC684D22BE48EBE00A60AC2 = {
						CreatedOnToolsVersion = 15.1;
						TestTargetID = 6FC684B92BE48EBC00A60AC2;
					};
					6FC684DC2BE48EBE00A60AC2 = {
						CreatedOnToolsVersion = 15.1;
						TestTargetID = 6FC684B92BE48EBC00A60AC2;
					};
				};
			};
			buildConfigurationList = 6FC684B52BE48EBC00A60AC2 /* Build configuration list for PBXProject "Scroooller" */;
			compatibilityVersion = "Xcode 14.0";
			developmentRegion = en;
			hasScannedForEncodings = 0;
			knownRegions = (
				en,
				Base,
			);
			mainGroup = 6FC684B12BE48EBC00A60AC2;
			productRefGroup = 6FC684BB2BE48EBC00A60AC2 /* Products */;
			projectDirPath = "";
			projectRoot = "";
			targets = (
				6FC684B92BE48EBC00A60AC2 /* Scroooller */,
				6FC684D22BE48EBE00A60AC2 /* ScrooollerTests */,
				6FC684DC2BE48EBE00A60AC2 /* ScrooollerUITests */,
			);
		};
/* End PBXProject section */

/* Begin PBXResourcesBuildPhase section */
		6FC684B82BE48EBC00A60AC2 /* Resources */ = {
			isa = PBXResourcesBuildPhase;
			buildActionMask = 2147483647;
			files = (
				6FC684CD2BE48EBE00A60AC2 /* LaunchScreen.storyboard in Resources */,
				6FC684CA2BE48EBE00A60AC2 /* Assets.xcassets in Resources */,
				6FC684C52BE48EBC00A60AC2 /* Main.storyboard in Resources */,
			);
			runOnlyForDeploymentPostprocessing = 0;
		};
		6FC684D12BE48EBE00A60AC2 /* Resources */ = {
			isa = PBXResourcesBuildPhase;
			buildActionMask = 2147483647;
			files = (
			);
			runOnlyForDeploymentPostprocessing = 0;
		};
		6FC684DB2BE48EBE00A60AC2 /* Resources */ = {
			isa = PBXResourcesBuildPhase;
			buildActionMask = 2147483647;
			files = (
			);
			runOnlyForDeploymentPostprocessing = 0;
		};
/* End PBXResourcesBuildPhase section */

/* Begin PBXSourcesBuildPhase section */
		6FC684B62BE48EBC00A60AC2 /* Sources */ = {
			isa = PBXSourcesBuildPhase;
			buildActionMask = 2147483647;
			files = (
				6FC684C22BE48EBC00A60AC2 /* ViewController.swift in Sources */,
				6FC684BE2BE48EBC00A60AC2 /* AppDelegate.swift in Sources */,
				6FC684C02BE48EBC00A60AC2 /* SceneDelegate.swift in Sources */,
				6FC684C82BE48EBC00A60AC2 /* Scroooller.xcdatamodeld in Sources */,
			);
			runOnlyForDeploymentPostprocessing = 0;
		};
		6FC684CF2BE48EBE00A60AC2 /* Sources */ = {
			isa = PBXSourcesBuildPhase;
			buildActionMask = 2147483647;
			files = (
				6FC684D82BE48EBE00A60AC2 /* ScrooollerTests.swift in Sources */,
			);
			runOnlyForDeploymentPostprocessing = 0;
		};
		6FC684D92BE48EBE00A60AC2 /* Sources */ = {
			isa = PBXSourcesBuildPhase;
			buildActionMask = 2147483647;
			files = (
				6FC684E42BE48EBE00A60AC2 /* ScrooollerUITestsLaunchTests.swift in Sources */,
				6FC684E22BE48EBE00A60AC2 /* ScrooollerUITests.swift in Sources */,
			);
			runOnlyForDeploymentPostprocessing = 0;
		};
/* End PBXSourcesBuildPhase section */

/* Begin PBXTargetDependency section */
		6FC684D52BE48EBE00A60AC2 /* PBXTargetDependency */ = {
			isa = PBXTargetDependency;
			target = 6FC684B92BE48EBC00A60AC2 /* Scroooller */;
			targetProxy = 6FC684D42BE48EBE00A60AC2 /* PBXContainerItemProxy */;
		};
		6FC684DF2BE48EBE00A60AC2 /* PBXTargetDependency */ = {
			isa = PBXTargetDependency;
			target = 6FC684B92BE48EBC00A60AC2 /* Scroooller */;
			targetProxy = 6FC684DE2BE48EBE00A60AC2 /* PBXContainerItemProxy */;
		};
/* End PBXTargetDependency section */

/* Begin PBXVariantGroup section */
		6FC684C32BE48EBC00A60AC2 /* Main.storyboard */ = {
			isa = PBXVariantGroup;
			children = (
				6FC684C42BE48EBC00A60AC2 /* Base */,
			);
			name = Main.storyboard;
			sourceTree = "<group>";
		};
		6FC684CB2BE48EBE00A60AC2 /* LaunchScreen.storyboard */ = {
			isa = PBXVariantGroup;
			children = (
				6FC684CC2BE48EBE00A60AC2 /* Base */,
			);
			name = LaunchScreen.storyboard;
			sourceTree = "<group>";
		};
/* End PBXVariantGroup section */

/* Begin XCBuildConfiguration section */
		6FC684E52BE48EBE00A60AC2 /* Debug */ = {
			isa = XCBuildConfiguration;
			buildSettings = {
				ALWAYS_SEARCH_USER_PATHS = NO;
				ASSETCATALOG_COMPILER_GENERATE_SWIFT_ASSET_SYMBOL_EXTENSIONS = YES;
				CLANG_ANALYZER_NONNULL = YES;
				CLANG_ANALYZER_NUMBER_OBJECT_CONVERSION = YES_AGGRESSIVE;
				CLANG_CXX_LANGUAGE_STANDARD = "gnu++20";
				CLANG_ENABLE_MODULES = YES;
				CLANG_ENABLE_OBJC_ARC = YES;
				CLANG_ENABLE_OBJC_WEAK = YES;
				CLANG_WARN_BLOCK_CAPTURE_AUTORELEASING = YES;
				CLANG_WARN_BOOL_CONVERSION = YES;
				CLANG_WARN_COMMA = YES;
				CLANG_WARN_CONSTANT_CONVERSION = YES;
				CLANG_WARN_DEPRECATED_OBJC_IMPLEMENTATIONS = YES;
				CLANG_WARN_DIRECT_OBJC_ISA_USAGE = YES_ERROR;
				CLANG_WARN_DOCUMENTATION_COMMENTS = YES;
				CLANG_WARN_EMPTY_BODY = YES;
				CLANG_WARN_ENUM_CONVERSION = YES;
				CLANG_WARN_INFINITE_RECURSION = YES;
				CLANG_WARN_INT_CONVERSION = YES;
				CLANG_WARN_NON_LITERAL_NULL_CONVERSION = YES;
				CLANG_WARN_OBJC_IMPLICIT_RETAIN_SELF = YES;
				CLANG_WARN_OBJC_LITERAL_CONVERSION = YES;
				CLANG_WARN_OBJC_ROOT_CLASS = YES_ERROR;
				CLANG_WARN_QUOTED_INCLUDE_IN_FRAMEWORK_HEADER = YES;
				CLANG_WARN_RANGE_LOOP_ANALYSIS = YES;
				CLANG_WARN_STRICT_PROTOTYPES = YES;
				CLANG_WARN_SUSPICIOUS_MOVE = YES;
				CLANG_WARN_UNGUARDED_AVAILABILITY = YES_AGGRESSIVE;
				CLANG_WARN_UNREACHABLE_CODE = YES;
				CLANG_WARN__DUPLICATE_METHOD_MATCH = YES;
				COPY_PHASE_STRIP = NO;
				DEBUG_INFORMATION_FORMAT = dwarf;
				ENABLE_STRICT_OBJC_MSGSEND = YES;
				ENABLE_TESTABILITY = YES;
				ENABLE_USER_SCRIPT_SANDBOXING = YES;
				GCC_C_LANGUAGE_STANDARD = gnu17;
				GCC_DYNAMIC_NO_PIC = NO;
				GCC_NO_COMMON_BLOCKS = YES;
				GCC_OPTIMIZATION_LEVEL = 0;
				GCC_PREPROCESSOR_DEFINITIONS = (
					"DEBUG=1",
					"$(inherited)",
				);
				GCC_WARN_64_TO_32_BIT_CONVERSION = YES;
				GCC_WARN_ABOUT_RETURN_TYPE = YES_ERROR;
				GCC_WARN_UNDECLARED_SELECTOR = YES;
				GCC_WARN_UNINITIALIZED_AUTOS = YES_AGGRESSIVE;
				GCC_WARN_UNUSED_FUNCTION = YES;
				GCC_WARN_UNUSED_VARIABLE = YES;
				IPHONEOS_DEPLOYMENT_TARGET = 17.2;
				LOCALIZATION_PREFERS_STRING_CATALOGS = YES;
				MTL_ENABLE_DEBUG_INFO = INCLUDE_SOURCE;
				MTL_FAST_MATH = YES;
				ONLY_ACTIVE_ARCH = YES;
				SDKROOT = iphoneos;
				SWIFT_ACTIVE_COMPILATION_CONDITIONS = "DEBUG $(inherited)";
				SWIFT_OPTIMIZATION_LEVEL = "-Onone";
			};
			name = Debug;
		};
		6FC684E62BE48EBE00A60AC2 /* Release */ = {
			isa = XCBuildConfiguration;
			buildSettings = {
				ALWAYS_SEARCH_USER_PATHS = NO;
				ASSETCATALOG_COMPILER_GENERATE_SWIFT_ASSET_SYMBOL_EXTENSIONS = YES;
				CLANG_ANALYZER_NONNULL = YES;
				CLANG_ANALYZER_NUMBER_OBJECT_CONVERSION = YES_AGGRESSIVE;
				CLANG_CXX_LANGUAGE_STANDARD = "gnu++20";
				CLANG_ENABLE_MODULES = YES;
				CLANG_ENABLE_OBJC_ARC = YES;
				CLANG_ENABLE_OBJC_WEAK = YES;
				CLANG_WARN_BLOCK_CAPTURE_AUTORELEASING = YES;
				CLANG_WARN_BOOL_CONVERSION = YES;
				CLANG_WARN_COMMA = YES;
				CLANG_WARN_CONSTANT_CONVERSION = YES;
				CLANG_WARN_DEPRECATED_OBJC_IMPLEMENTATIONS = YES;
				CLANG_WARN_DIRECT_OBJC_ISA_USAGE = YES_ERROR;
				CLANG_WARN_DOCUMENTATION_COMMENTS = YES;
				CLANG_WARN_EMPTY_BODY = YES;
				CLANG_WARN_ENUM_CONVERSION = YES;
				CLANG_WARN_INFINITE_RECURSION = YES;
				CLANG_WARN_INT_CONVERSION = YES;
				CLANG_WARN_NON_LITERAL_NULL_CONVERSION = YES;
				CLANG_WARN_OBJC_IMPLICIT_RETAIN_SELF = YES;
				CLANG_WARN_OBJC_LITERAL_CONVERSION = YES;
				CLANG_WARN_OBJC_ROOT_CLASS = YES_ERROR;
				CLANG_WARN_QUOTED_INCLUDE_IN_FRAMEWORK_HEADER = YES;
				CLANG_WARN_RANGE_LOOP_ANALYSIS = YES;
				CLANG_WARN_STRICT_PROTOTYPES = YES;
				CLANG_WARN_SUSPICIOUS_MOVE = YES;
				CLANG_WARN_UNGUARDED_AVAILABILITY = YES_AGGRESSIVE;
				CLANG_WARN_UNREACHABLE_CODE = YES;
				CLANG_WARN__DUPLICATE_METHOD_MATCH = YES;
				COPY_PHASE_STRIP = NO;
				DEBUG_INFORMATION_FORMAT = "dwarf-with-dsym";
				ENABLE_NS_ASSERTIONS = NO;
				ENABLE_STRICT_OBJC_MSGSEND = YES;
				ENABLE_USER_SCRIPT_SANDBOXING = YES;
				GCC_C_LANGUAGE_STANDARD = gnu17;
				GCC_NO_COMMON_BLOCKS = YES;
				GCC_WARN_64_TO_32_BIT_CONVERSION = YES;
				GCC_WARN_ABOUT_RETURN_TYPE = YES_ERROR;
				GCC_WARN_UNDECLARED_SELECTOR = YES;
				GCC_WARN_UNINITIALIZED_AUTOS = YES_AGGRESSIVE;
				GCC_WARN_UNUSED_FUNCTION = YES;
				GCC_WARN_UNUSED_VARIABLE = YES;
				IPHONEOS_DEPLOYMENT_TARGET = 17.2;
				LOCALIZATION_PREFERS_STRING_CATALOGS = YES;
				MTL_ENABLE_DEBUG_INFO = NO;
				MTL_FAST_MATH = YES;
				SDKROOT = iphoneos;
				SWIFT_COMPILATION_MODE = wholemodule;
				VALIDATE_PRODUCT = YES;
			};
			name = Release;
		};
		6FC684E82BE48EBE00A60AC2 /* Debug */ = {
			isa = XCBuildConfiguration;
			buildSettings = {
				ASSETCATALOG_COMPILER_APPICON_NAME = AppIcon;
				ASSETCATALOG_COMPILER_GLOBAL_ACCENT_COLOR_NAME = AccentColor;
				CODE_SIGN_STYLE = Automatic;
				CURRENT_PROJECT_VERSION = 1;
				DEVELOPMENT_TEAM = 29KVNWH693;
				GENERATE_INFOPLIST_FILE = YES;
				INFOPLIST_FILE = Scroooller/Info.plist;
				INFOPLIST_KEY_UIApplicationSupportsIndirectInputEvents = YES;
				INFOPLIST_KEY_UILaunchStoryboardName = LaunchScreen;
				INFOPLIST_KEY_UIMainStoryboardFile = Main;
				INFOPLIST_KEY_UISupportedInterfaceOrientations_iPad = "UIInterfaceOrientationPortrait UIInterfaceOrientationPortraitUpsideDown UIInterfaceOrientationLandscapeLeft UIInterfaceOrientationLandscapeRight";
				INFOPLIST_KEY_UISupportedInterfaceOrientations_iPhone = "UIInterfaceOrientationPortrait UIInterfaceOrientationLandscapeLeft UIInterfaceOrientationLandscapeRight";
				LD_RUNPATH_SEARCH_PATHS = (
					"$(inherited)",
					"@executable_path/Frameworks",
				);
				MARKETING_VERSION = 1.0;
				PRODUCT_BUNDLE_IDENTIFIER = ru.yandex.practicum.SovaViktorovna.Scroooller;
				PRODUCT_NAME = "$(TARGET_NAME)";
				SWIFT_EMIT_LOC_STRINGS = YES;
				SWIFT_VERSION = 5.0;
				TARGETED_DEVICE_FAMILY = "1,2";
			};
			name = Debug;
		};
		6FC684E92BE48EBE00A60AC2 /* Release */ = {
			isa = XCBuildConfiguration;
			buildSettings = {
				ASSETCATALOG_COMPILER_APPICON_NAME = AppIcon;
				ASSETCATALOG_COMPILER_GLOBAL_ACCENT_COLOR_NAME = AccentColor;
				CODE_SIGN_STYLE = Automatic;
				CURRENT_PROJECT_VERSION = 1;
				DEVELOPMENT_TEAM = 29KVNWH693;
				GENERATE_INFOPLIST_FILE = YES;
				INFOPLIST_FILE = Scroooller/Info.plist;
				INFOPLIST_KEY_UIApplicationSupportsIndirectInputEvents = YES;
				INFOPLIST_KEY_UILaunchStoryboardName = LaunchScreen;
				INFOPLIST_KEY_UIMainStoryboardFile = Main;
				INFOPLIST_KEY_UISupportedInterfaceOrientations_iPad = "UIInterfaceOrientationPortrait UIInterfaceOrientationPortraitUpsideDown UIInterfaceOrientationLandscapeLeft UIInterfaceOrientationLandscapeRight";
				INFOPLIST_KEY_UISupportedInterfaceOrientations_iPhone = "UIInterfaceOrientationPortrait UIInterfaceOrientationLandscapeLeft UIInterfaceOrientationLandscapeRight";
				LD_RUNPATH_SEARCH_PATHS = (
					"$(inherited)",
					"@executable_path/Frameworks",
				);
				MARKETING_VERSION = 1.0;
				PRODUCT_BUNDLE_IDENTIFIER = ru.yandex.practicum.SovaViktorovna.Scroooller;
				PRODUCT_NAME = "$(TARGET_NAME)";
				SWIFT_EMIT_LOC_STRINGS = YES;
				SWIFT_VERSION = 5.0;
				TARGETED_DEVICE_FAMILY = "1,2";
			};
			name = Release;
		};
		6FC684EB2BE48EBE00A60AC2 /* Debug */ = {
			isa = XCBuildConfiguration;
			buildSettings = {
				ALWAYS_EMBED_SWIFT_STANDARD_LIBRARIES = YES;
				BUNDLE_LOADER = "$(TEST_HOST)";
				CODE_SIGN_STYLE = Automatic;
				CURRENT_PROJECT_VERSION = 1;
				DEVELOPMENT_TEAM = 29KVNWH693;
				GENERATE_INFOPLIST_FILE = YES;
				IPHONEOS_DEPLOYMENT_TARGET = 17.2;
				MARKETING_VERSION = 1.0;
				PRODUCT_BUNDLE_IDENTIFIER = ru.yandex.practicum.SovaViktorovna.ScrooollerTests;
				PRODUCT_NAME = "$(TARGET_NAME)";
				SWIFT_EMIT_LOC_STRINGS = NO;
				SWIFT_VERSION = 5.0;
				TARGETED_DEVICE_FAMILY = "1,2";
				TEST_HOST = "$(BUILT_PRODUCTS_DIR)/Scroooller.app/$(BUNDLE_EXECUTABLE_FOLDER_PATH)/Scroooller";
			};
			name = Debug;
		};
		6FC684EC2BE48EBE00A60AC2 /* Release */ = {
			isa = XCBuildConfiguration;
			buildSettings = {
				ALWAYS_EMBED_SWIFT_STANDARD_LIBRARIES = YES;
				BUNDLE_LOADER = "$(TEST_HOST)";
				CODE_SIGN_STYLE = Automatic;
				CURRENT_PROJECT_VERSION = 1;
				DEVELOPMENT_TEAM = 29KVNWH693;
				GENERATE_INFOPLIST_FILE = YES;
				IPHONEOS_DEPLOYMENT_TARGET = 17.2;
				MARKETING_VERSION = 1.0;
				PRODUCT_BUNDLE_IDENTIFIER = ru.yandex.practicum.SovaViktorovna.ScrooollerTests;
				PRODUCT_NAME = "$(TARGET_NAME)";
				SWIFT_EMIT_LOC_STRINGS = NO;
				SWIFT_VERSION = 5.0;
				TARGETED_DEVICE_FAMILY = "1,2";
				TEST_HOST = "$(BUILT_PRODUCTS_DIR)/Scroooller.app/$(BUNDLE_EXECUTABLE_FOLDER_PATH)/Scroooller";
			};
			name = Release;
		};
		6FC684EE2BE48EBE00A60AC2 /* Debug */ = {
			isa = XCBuildConfiguration;
			buildSettings = {
				ALWAYS_EMBED_SWIFT_STANDARD_LIBRARIES = YES;
				CODE_SIGN_STYLE = Automatic;
				CURRENT_PROJECT_VERSION = 1;
				DEVELOPMENT_TEAM = 29KVNWH693;
				GENERATE_INFOPLIST_FILE = YES;
				MARKETING_VERSION = 1.0;
				PRODUCT_BUNDLE_IDENTIFIER = ru.yandex.practicum.SovaViktorovna.ScrooollerUITests;
				PRODUCT_NAME = "$(TARGET_NAME)";
				SWIFT_EMIT_LOC_STRINGS = NO;
				SWIFT_VERSION = 5.0;
				TARGETED_DEVICE_FAMILY = "1,2";
				TEST_TARGET_NAME = Scroooller;
			};
			name = Debug;
		};
		6FC684EF2BE48EBE00A60AC2 /* Release */ = {
			isa = XCBuildConfiguration;
			buildSettings = {
				ALWAYS_EMBED_SWIFT_STANDARD_LIBRARIES = YES;
				CODE_SIGN_STYLE = Automatic;
				CURRENT_PROJECT_VERSION = 1;
				DEVELOPMENT_TEAM = 29KVNWH693;
				GENERATE_INFOPLIST_FILE = YES;
				MARKETING_VERSION = 1.0;
				PRODUCT_BUNDLE_IDENTIFIER = ru.yandex.practicum.SovaViktorovna.ScrooollerUITests;
				PRODUCT_NAME = "$(TARGET_NAME)";
				SWIFT_EMIT_LOC_STRINGS = NO;
				SWIFT_VERSION = 5.0;
				TARGETED_DEVICE_FAMILY = "1,2";
				TEST_TARGET_NAME = Scroooller;
			};
			name = Release;
		};
/* End XCBuildConfiguration section */

/* Begin XCConfigurationList section */
		6FC684B52BE48EBC00A60AC2 /* Build configuration list for PBXProject "Scroooller" */ = {
			isa = XCConfigurationList;
			buildConfigurations = (
				6FC684E52BE48EBE00A60AC2 /* Debug */,
				6FC684E62BE48EBE00A60AC2 /* Release */,
			);
			defaultConfigurationIsVisible = 0;
			defaultConfigurationName = Release;
		};
		6FC684E72BE48EBE00A60AC2 /* Build configuration list for PBXNativeTarget "Scroooller" */ = {
			isa = XCConfigurationList;
			buildConfigurations = (
				6FC684E82BE48EBE00A60AC2 /* Debug */,
				6FC684E92BE48EBE00A60AC2 /* Release */,
			);
			defaultConfigurationIsVisible = 0;
			defaultConfigurationName = Release;
		};
		6FC684EA2BE48EBE00A60AC2 /* Build configuration list for PBXNativeTarget "ScrooollerTests" */ = {
			isa = XCConfigurationList;
			buildConfigurations = (
				6FC684EB2BE48EBE00A60AC2 /* Debug */,
				6FC684EC2BE48EBE00A60AC2 /* Release */,
			);
			defaultConfigurationIsVisible = 0;
			defaultConfigurationName = Release;
		};
		6FC684ED2BE48EBE00A60AC2 /* Build configuration list for PBXNativeTarget "ScrooollerUITests" */ = {
			isa = XCConfigurationList;
			buildConfigurations = (
				6FC684EE2BE48EBE00A60AC2 /* Debug */,
				6FC684EF2BE48EBE00A60AC2 /* Release */,
			);
			defaultConfigurationIsVisible = 0;
			defaultConfigurationName = Release;
		};
/* End XCConfigurationList section */

/* Begin XCVersionGroup section */
		6FC684C62BE48EBC00A60AC2 /* Scroooller.xcdatamodeld */ = {
			isa = XCVersionGroup;
			children = (
				6FC684C72BE48EBC00A60AC2 /* Scroooller.xcdatamodel */,
			);
			currentVersion = 6FC684C72BE48EBC00A60AC2 /* Scroooller.xcdatamodel */;
			path = Scroooller.xcdatamodeld;
			sourceTree = "<group>";
			versionGroupType = wrapper.xcdatamodel;
		};
/* End XCVersionGroup section */
	};
	rootObject = 6FC684B22BE48EBC00A60AC2 /* Project object */;
}
